
Microsoft Visual Studio Solution File, Format Version 12.00
# Visual Studio 2017
Project("{FAE04EC0-301F-11D3-BF4B-00C04F79EFBC}") = "MiideraARDraft", "MiideraARDraft.csproj", "{AF6047E0-2F73-E9B4-82AA-F8C6644B0AE7}"
EndProject
Project("{FAE04EC0-301F-11D3-BF4B-00C04F79EFBC}") = "MiideraARDraft.Editor", "MiideraARDraft.Editor.csproj", "{789B8B53-B5E9-1ED2-5485-C5D11655ED56}"
EndProject
Global
	GlobalSection(SolutionConfigurationPlatforms) = preSolution
		Debug|Any CPU = Debug|Any CPU
		Release|Any CPU = Release|Any CPU
	EndGlobalSection
	GlobalSection(ProjectConfigurationPlatforms) = postSolution
		{AF6047E0-2F73-E9B4-82AA-F8C6644B0AE7}.Debug|Any CPU.ActiveCfg = Debug|Any CPU
		{AF6047E0-2F73-E9B4-82AA-F8C6644B0AE7}.Debug|Any CPU.Build.0 = Debug|Any CPU
		{AF6047E0-2F73-E9B4-82AA-F8C6644B0AE7}.Release|Any CPU.ActiveCfg = Release|Any CPU
		{AF6047E0-2F73-E9B4-82AA-F8C6644B0AE7}.Release|Any CPU.Build.0 = Release|Any CPU
		{789B8B53-B5E9-1ED2-5485-C5D11655ED56}.Debug|Any CPU.ActiveCfg = Debug|Any CPU
		{789B8B53-B5E9-1ED2-5485-C5D11655ED56}.Debug|Any CPU.Build.0 = Debug|Any CPU
		{789B8B53-B5E9-1ED2-5485-C5D11655ED56}.Release|Any CPU.ActiveCfg = Release|Any CPU
		{789B8B53-B5E9-1ED2-5485-C5D11655ED56}.Release|Any CPU.Build.0 = Release|Any CPU
	EndGlobalSection
	GlobalSection(SolutionProperties) = preSolution
		HideSolutionNode = FALSE
	EndGlobalSection
EndGlobal
